// !$*UTF8*$!
{
	archiveVersion = 1;
	classes = {
	};
	objectVersion = 50;
	objects = {

/* Begin PBXBuildFile section */
		8452F00225DD646500C32612 /* NewsfeedCell.swift in Sources */ = {isa = PBXBuildFile; fileRef = 8452F00125DD646500C32612 /* NewsfeedCell.swift */; };
		8452F00425DD64BF00C32612 /* NewsfeedCell.xib in Resources */ = {isa = PBXBuildFile; fileRef = 8452F00325DD64BF00C32612 /* NewsfeedCell.xib */; };
		8452F00725DEFBB500C32612 /* WebImageView.swift in Sources */ = {isa = PBXBuildFile; fileRef = 8452F00625DEFBB500C32612 /* WebImageView.swift */; };
		8458F01B25D97B94002F9860 /* AppDelegate.swift in Sources */ = {isa = PBXBuildFile; fileRef = 8458F01A25D97B94002F9860 /* AppDelegate.swift */; };
		8458F01D25D97B94002F9860 /* SceneDelegate.swift in Sources */ = {isa = PBXBuildFile; fileRef = 8458F01C25D97B94002F9860 /* SceneDelegate.swift */; };
		8458F01F25D97B94002F9860 /* AuthViewController.swift in Sources */ = {isa = PBXBuildFile; fileRef = 8458F01E25D97B94002F9860 /* AuthViewController.swift */; };
		8458F02425D97B98002F9860 /* Assets.xcassets in Resources */ = {isa = PBXBuildFile; fileRef = 8458F02325D97B98002F9860 /* Assets.xcassets */; };
		8458F02725D97B98002F9860 /* LaunchScreen.storyboard in Resources */ = {isa = PBXBuildFile; fileRef = 8458F02525D97B98002F9860 /* LaunchScreen.storyboard */; };
		8458F03F25D97FBB002F9860 /* VKSdkFramework.framework in Frameworks */ = {isa = PBXBuildFile; fileRef = 8458F03E25D97FBB002F9860 /* VKSdkFramework.framework */; };
		8458F04025D97FBB002F9860 /* VKSdkFramework.framework in Embed Frameworks */ = {isa = PBXBuildFile; fileRef = 8458F03E25D97FBB002F9860 /* VKSdkFramework.framework */; settings = {ATTRIBUTES = (CodeSignOnCopy, RemoveHeadersOnCopy, ); }; };
		8458F04325D982EB002F9860 /* AuthService.swift in Sources */ = {isa = PBXBuildFile; fileRef = 8458F04225D982EB002F9860 /* AuthService.swift */; };
		8458F04625D98642002F9860 /* AuthViewController.storyboard in Resources */ = {isa = PBXBuildFile; fileRef = 8458F04525D98642002F9860 /* AuthViewController.storyboard */; };
		8458F05225D9A529002F9860 /* NetworkService.swift in Sources */ = {isa = PBXBuildFile; fileRef = 8458F05125D9A529002F9860 /* NetworkService.swift */; };
		8458F05425D9A61D002F9860 /* API.swift in Sources */ = {isa = PBXBuildFile; fileRef = 8458F05325D9A61C002F9860 /* API.swift */; };
		8458F05825D9C8F6002F9860 /* FeedResponse.swift in Sources */ = {isa = PBXBuildFile; fileRef = 8458F05725D9C8F6002F9860 /* FeedResponse.swift */; };
		8458F05B25DAEE11002F9860 /* NetworkDataFetcher.swift in Sources */ = {isa = PBXBuildFile; fileRef = 8458F05A25DAEE11002F9860 /* NetworkDataFetcher.swift */; };
		8458F06425DAF823002F9860 /* NewsfeedPresenter.swift in Sources */ = {isa = PBXBuildFile; fileRef = 8458F05D25DAF823002F9860 /* NewsfeedPresenter.swift */; };
		8458F06525DAF823002F9860 /* NewsfeedWorker.swift in Sources */ = {isa = PBXBuildFile; fileRef = 8458F05E25DAF823002F9860 /* NewsfeedWorker.swift */; };
		8458F06625DAF823002F9860 /* NewsfeedRouter.swift in Sources */ = {isa = PBXBuildFile; fileRef = 8458F05F25DAF823002F9860 /* NewsfeedRouter.swift */; };
		8458F06725DAF823002F9860 /* NewsfeedModels.swift in Sources */ = {isa = PBXBuildFile; fileRef = 8458F06025DAF823002F9860 /* NewsfeedModels.swift */; };
		8458F06825DAF823002F9860 /* NewsfeedViewController.swift in Sources */ = {isa = PBXBuildFile; fileRef = 8458F06125DAF823002F9860 /* NewsfeedViewController.swift */; };
		8458F06925DAF823002F9860 /* NewsfeedInteractor.swift in Sources */ = {isa = PBXBuildFile; fileRef = 8458F06225DAF823002F9860 /* NewsfeedInteractor.swift */; };
		8458F06C25DB14DF002F9860 /* NewsfeedViewController.storyboard in Resources */ = {isa = PBXBuildFile; fileRef = 8458F06B25DB14DF002F9860 /* NewsfeedViewController.storyboard */; };
		84F342FE25E04E4100BFE8B0 /* NewsfeedCellLayoutCalculator.swift in Sources */ = {isa = PBXBuildFile; fileRef = 84F342FD25E04E4100BFE8B0 /* NewsfeedCellLayoutCalculator.swift */; };
		84F3439225E575CB00BFE8B0 /* String + Height.swift in Sources */ = {isa = PBXBuildFile; fileRef = 84F3439125E575CB00BFE8B0 /* String + Height.swift */; };
/* End PBXBuildFile section */

/* Begin PBXCopyFilesBuildPhase section */
		8458F04125D97FBB002F9860 /* Embed Frameworks */ = {
			isa = PBXCopyFilesBuildPhase;
			buildActionMask = 2147483647;
			dstPath = "";
			dstSubfolderSpec = 10;
			files = (
				8458F04025D97FBB002F9860 /* VKSdkFramework.framework in Embed Frameworks */,
			);
			name = "Embed Frameworks";
			runOnlyForDeploymentPostprocessing = 0;
		};
/* End PBXCopyFilesBuildPhase section */

/* Begin PBXFileReference section */
		8452F00125DD646500C32612 /* NewsfeedCell.swift */ = {isa = PBXFileReference; lastKnownFileType = sourcecode.swift; path = NewsfeedCell.swift; sourceTree = "<group>"; };
		8452F00325DD64BF00C32612 /* NewsfeedCell.xib */ = {isa = PBXFileReference; lastKnownFileType = file.xib; path = NewsfeedCell.xib; sourceTree = "<group>"; };
		8452F00625DEFBB500C32612 /* WebImageView.swift */ = {isa = PBXFileReference; lastKnownFileType = sourcecode.swift; path = WebImageView.swift; sourceTree = "<group>"; };
		8458F01725D97B94002F9860 /* VKNews.app */ = {isa = PBXFileReference; explicitFileType = wrapper.application; includeInIndex = 0; path = VKNews.app; sourceTree = BUILT_PRODUCTS_DIR; };
		8458F01A25D97B94002F9860 /* AppDelegate.swift */ = {isa = PBXFileReference; lastKnownFileType = sourcecode.swift; path = AppDelegate.swift; sourceTree = "<group>"; };
		8458F01C25D97B94002F9860 /* SceneDelegate.swift */ = {isa = PBXFileReference; lastKnownFileType = sourcecode.swift; path = SceneDelegate.swift; sourceTree = "<group>"; };
		8458F01E25D97B94002F9860 /* AuthViewController.swift */ = {isa = PBXFileReference; lastKnownFileType = sourcecode.swift; path = AuthViewController.swift; sourceTree = "<group>"; };
		8458F02325D97B98002F9860 /* Assets.xcassets */ = {isa = PBXFileReference; lastKnownFileType = folder.assetcatalog; path = Assets.xcassets; sourceTree = "<group>"; };
		8458F02625D97B98002F9860 /* Base */ = {isa = PBXFileReference; lastKnownFileType = file.storyboard; name = Base; path = Base.lproj/LaunchScreen.storyboard; sourceTree = "<group>"; };
		8458F02825D97B98002F9860 /* Info.plist */ = {isa = PBXFileReference; lastKnownFileType = text.plist.xml; path = Info.plist; sourceTree = "<group>"; };
		8458F03E25D97FBB002F9860 /* VKSdkFramework.framework */ = {isa = PBXFileReference; lastKnownFileType = wrapper.framework; name = VKSdkFramework.framework; path = "Carthage/Build/VKSdkFramework.xcframework/ios-arm64_armv7/VKSdkFramework.framework"; sourceTree = "<group>"; };
		8458F04225D982EB002F9860 /* AuthService.swift */ = {isa = PBXFileReference; lastKnownFileType = sourcecode.swift; path = AuthService.swift; sourceTree = "<group>"; };
		8458F04525D98642002F9860 /* AuthViewController.storyboard */ = {isa = PBXFileReference; lastKnownFileType = file.storyboard; path = AuthViewController.storyboard; sourceTree = "<group>"; };
		8458F05125D9A529002F9860 /* NetworkService.swift */ = {isa = PBXFileReference; lastKnownFileType = sourcecode.swift; path = NetworkService.swift; sourceTree = "<group>"; };
		8458F05325D9A61C002F9860 /* API.swift */ = {isa = PBXFileReference; lastKnownFileType = sourcecode.swift; path = API.swift; sourceTree = "<group>"; };
		8458F05725D9C8F6002F9860 /* FeedResponse.swift */ = {isa = PBXFileReference; lastKnownFileType = sourcecode.swift; path = FeedResponse.swift; sourceTree = "<group>"; };
		8458F05A25DAEE11002F9860 /* NetworkDataFetcher.swift */ = {isa = PBXFileReference; lastKnownFileType = sourcecode.swift; path = NetworkDataFetcher.swift; sourceTree = "<group>"; };
		8458F05D25DAF823002F9860 /* NewsfeedPresenter.swift */ = {isa = PBXFileReference; lastKnownFileType = sourcecode.swift; path = NewsfeedPresenter.swift; sourceTree = "<group>"; };
		8458F05E25DAF823002F9860 /* NewsfeedWorker.swift */ = {isa = PBXFileReference; lastKnownFileType = sourcecode.swift; path = NewsfeedWorker.swift; sourceTree = "<group>"; };
		8458F05F25DAF823002F9860 /* NewsfeedRouter.swift */ = {isa = PBXFileReference; lastKnownFileType = sourcecode.swift; path = NewsfeedRouter.swift; sourceTree = "<group>"; };
		8458F06025DAF823002F9860 /* NewsfeedModels.swift */ = {isa = PBXFileReference; lastKnownFileType = sourcecode.swift; path = NewsfeedModels.swift; sourceTree = "<group>"; };
		8458F06125DAF823002F9860 /* NewsfeedViewController.swift */ = {isa = PBXFileReference; lastKnownFileType = sourcecode.swift; path = NewsfeedViewController.swift; sourceTree = "<group>"; };
		8458F06225DAF823002F9860 /* NewsfeedInteractor.swift */ = {isa = PBXFileReference; lastKnownFileType = sourcecode.swift; path = NewsfeedInteractor.swift; sourceTree = "<group>"; };
		8458F06B25DB14DF002F9860 /* NewsfeedViewController.storyboard */ = {isa = PBXFileReference; lastKnownFileType = file.storyboard; path = NewsfeedViewController.storyboard; sourceTree = "<group>"; };
		84F342FD25E04E4100BFE8B0 /* NewsfeedCellLayoutCalculator.swift */ = {isa = PBXFileReference; lastKnownFileType = sourcecode.swift; path = NewsfeedCellLayoutCalculator.swift; sourceTree = "<group>"; };
		84F3439125E575CB00BFE8B0 /* String + Height.swift */ = {isa = PBXFileReference; lastKnownFileType = sourcecode.swift; path = "String + Height.swift"; sourceTree = "<group>"; };
/* End PBXFileReference section */

/* Begin PBXFrameworksBuildPhase section */
		8458F01425D97B94002F9860 /* Frameworks */ = {
			isa = PBXFrameworksBuildPhase;
			buildActionMask = 2147483647;
			files = (
				8458F03F25D97FBB002F9860 /* VKSdkFramework.framework in Frameworks */,
			);
			runOnlyForDeploymentPostprocessing = 0;
		};
/* End PBXFrameworksBuildPhase section */

/* Begin PBXGroup section */
		8452F00025DD644100C32612 /* Cell */ = {
			isa = PBXGroup;
			children = (
				8452F00125DD646500C32612 /* NewsfeedCell.swift */,
				84F342FD25E04E4100BFE8B0 /* NewsfeedCellLayoutCalculator.swift */,
				8452F00325DD64BF00C32612 /* NewsfeedCell.xib */,
			);
			path = Cell;
			sourceTree = "<group>";
		};
		8452F00525DEFB9600C32612 /* Helpers */ = {
			isa = PBXGroup;
			children = (
				8452F00625DEFBB500C32612 /* WebImageView.swift */,
				84F3439125E575CB00BFE8B0 /* String + Height.swift */,
			);
			path = Helpers;
			sourceTree = "<group>";
		};
		8458F00E25D97B94002F9860 = {
			isa = PBXGroup;
			children = (
				8458F01925D97B94002F9860 /* VKNews */,
				8458F01825D97B94002F9860 /* Products */,
				8458F03D25D97FBB002F9860 /* Frameworks */,
			);
			sourceTree = "<group>";
		};
		8458F01825D97B94002F9860 /* Products */ = {
			isa = PBXGroup;
			children = (
				8458F01725D97B94002F9860 /* VKNews.app */,
			);
			name = Products;
			sourceTree = "<group>";
		};
		8458F01925D97B94002F9860 /* VKNews */ = {
			isa = PBXGroup;
			children = (
				8458F01A25D97B94002F9860 /* AppDelegate.swift */,
				8458F01C25D97B94002F9860 /* SceneDelegate.swift */,
				8458F05625D9C8D1002F9860 /* Models */,
				8458F05025D9A1F3002F9860 /* AuthViewController */,
				8458F05C25DAF7C5002F9860 /* Newsfeed */,
				8458F04425D982EF002F9860 /* Services */,
				8452F00525DEFB9600C32612 /* Helpers */,
				8458F02325D97B98002F9860 /* Assets.xcassets */,
				8458F02525D97B98002F9860 /* LaunchScreen.storyboard */,
				8458F02825D97B98002F9860 /* Info.plist */,
			);
			path = VKNews;
			sourceTree = "<group>";
		};
		8458F03D25D97FBB002F9860 /* Frameworks */ = {
			isa = PBXGroup;
			children = (
				8458F03E25D97FBB002F9860 /* VKSdkFramework.framework */,
			);
			name = Frameworks;
			sourceTree = "<group>";
		};
		8458F04425D982EF002F9860 /* Services */ = {
			isa = PBXGroup;
			children = (
				8458F04225D982EB002F9860 /* AuthService.swift */,
				8458F05125D9A529002F9860 /* NetworkService.swift */,
				8458F05325D9A61C002F9860 /* API.swift */,
				8458F05A25DAEE11002F9860 /* NetworkDataFetcher.swift */,
			);
			path = Services;
			sourceTree = "<group>";
		};
		8458F05025D9A1F3002F9860 /* AuthViewController */ = {
			isa = PBXGroup;
			children = (
				8458F01E25D97B94002F9860 /* AuthViewController.swift */,
				8458F04525D98642002F9860 /* AuthViewController.storyboard */,
			);
			path = AuthViewController;
			sourceTree = "<group>";
		};
		8458F05625D9C8D1002F9860 /* Models */ = {
			isa = PBXGroup;
			children = (
				8458F05725D9C8F6002F9860 /* FeedResponse.swift */,
			);
			path = Models;
			sourceTree = "<group>";
		};
		8458F05C25DAF7C5002F9860 /* Newsfeed */ = {
			isa = PBXGroup;
			children = (
				8452F00025DD644100C32612 /* Cell */,
				8458F06B25DB14DF002F9860 /* NewsfeedViewController.storyboard */,
				8458F06125DAF823002F9860 /* NewsfeedViewController.swift */,
				8458F06225DAF823002F9860 /* NewsfeedInteractor.swift */,
				8458F05D25DAF823002F9860 /* NewsfeedPresenter.swift */,
				8458F06025DAF823002F9860 /* NewsfeedModels.swift */,
				8458F05E25DAF823002F9860 /* NewsfeedWorker.swift */,
				8458F05F25DAF823002F9860 /* NewsfeedRouter.swift */,
			);
			path = Newsfeed;
			sourceTree = "<group>";
		};
/* End PBXGroup section */

/* Begin PBXNativeTarget section */
		8458F01625D97B94002F9860 /* VKNews */ = {
			isa = PBXNativeTarget;
			buildConfigurationList = 8458F02B25D97B98002F9860 /* Build configuration list for PBXNativeTarget "VKNews" */;
			buildPhases = (
				8458F01325D97B94002F9860 /* Sources */,
				8458F01425D97B94002F9860 /* Frameworks */,
				8458F01525D97B94002F9860 /* Resources */,
				8458F04125D97FBB002F9860 /* Embed Frameworks */,
				8458F04A25D99996002F9860 /* ShellScript */,
			);
			buildRules = (
			);
			dependencies = (
			);
			name = VKNews;
			productName = VKNews;
			productReference = 8458F01725D97B94002F9860 /* VKNews.app */;
			productType = "com.apple.product-type.application";
		};
/* End PBXNativeTarget section */

/* Begin PBXProject section */
		8458F00F25D97B94002F9860 /* Project object */ = {
			isa = PBXProject;
			attributes = {
				LastSwiftUpdateCheck = 1220;
				LastUpgradeCheck = 1220;
				TargetAttributes = {
					8458F01625D97B94002F9860 = {
						CreatedOnToolsVersion = 12.2;
					};
				};
			};
			buildConfigurationList = 8458F01225D97B94002F9860 /* Build configuration list for PBXProject "VKNews" */;
			compatibilityVersion = "Xcode 9.3";
			developmentRegion = en;
			hasScannedForEncodings = 0;
			knownRegions = (
				en,
				Base,
			);
			mainGroup = 8458F00E25D97B94002F9860;
			productRefGroup = 8458F01825D97B94002F9860 /* Products */;
			projectDirPath = "";
			projectRoot = "";
			targets = (
				8458F01625D97B94002F9860 /* VKNews */,
			);
		};
/* End PBXProject section */

/* Begin PBXResourcesBuildPhase section */
		8458F01525D97B94002F9860 /* Resources */ = {
			isa = PBXResourcesBuildPhase;
			buildActionMask = 2147483647;
			files = (
				8458F02725D97B98002F9860 /* LaunchScreen.storyboard in Resources */,
				8458F04625D98642002F9860 /* AuthViewController.storyboard in Resources */,
				8458F06C25DB14DF002F9860 /* NewsfeedViewController.storyboard in Resources */,
				8458F02425D97B98002F9860 /* Assets.xcassets in Resources */,
				8452F00425DD64BF00C32612 /* NewsfeedCell.xib in Resources */,
			);
			runOnlyForDeploymentPostprocessing = 0;
		};
/* End PBXResourcesBuildPhase section */

/* Begin PBXShellScriptBuildPhase section */
		8458F04A25D99996002F9860 /* ShellScript */ = {
			isa = PBXShellScriptBuildPhase;
			buildActionMask = 2147483647;
			files = (
			);
			inputFileListPaths = (
			);
			inputPaths = (
			);
			outputFileListPaths = (
			);
			outputPaths = (
			);
			runOnlyForDeploymentPostprocessing = 0;
			shellPath = /bin/sh;
			shellScript = "
";
		};
/* End PBXShellScriptBuildPhase section */

/* Begin PBXSourcesBuildPhase section */
		8458F01325D97B94002F9860 /* Sources */ = {
			isa = PBXSourcesBuildPhase;
			buildActionMask = 2147483647;
			files = (
				8458F05825D9C8F6002F9860 /* FeedResponse.swift in Sources */,
				84F3439225E575CB00BFE8B0 /* String + Height.swift in Sources */,
				8458F06825DAF823002F9860 /* NewsfeedViewController.swift in Sources */,
				8458F01F25D97B94002F9860 /* AuthViewController.swift in Sources */,
				8458F01B25D97B94002F9860 /* AppDelegate.swift in Sources */,
				8458F06425DAF823002F9860 /* NewsfeedPresenter.swift in Sources */,
				8458F06625DAF823002F9860 /* NewsfeedRouter.swift in Sources */,
				8458F01D25D97B94002F9860 /* SceneDelegate.swift in Sources */,
				8458F05225D9A529002F9860 /* NetworkService.swift in Sources */,
				8458F06725DAF823002F9860 /* NewsfeedModels.swift in Sources */,
				84F342FE25E04E4100BFE8B0 /* NewsfeedCellLayoutCalculator.swift in Sources */,
				8452F00725DEFBB500C32612 /* WebImageView.swift in Sources */,
				8458F05B25DAEE11002F9860 /* NetworkDataFetcher.swift in Sources */,
				8458F06525DAF823002F9860 /* NewsfeedWorker.swift in Sources */,
				8458F04325D982EB002F9860 /* AuthService.swift in Sources */,
				8458F05425D9A61D002F9860 /* API.swift in Sources */,
				8452F00225DD646500C32612 /* NewsfeedCell.swift in Sources */,
				8458F06925DAF823002F9860 /* NewsfeedInteractor.swift in Sources */,
			);
			runOnlyForDeploymentPostprocessing = 0;
		};
/* End PBXSourcesBuildPhase section */

/* Begin PBXVariantGroup section */
		8458F02525D97B98002F9860 /* LaunchScreen.storyboard */ = {
			isa = PBXVariantGroup;
			children = (
				8458F02625D97B98002F9860 /* Base */,
			);
			name = LaunchScreen.storyboard;
			sourceTree = "<group>";
		};
/* End PBXVariantGroup section */

/* Begin XCBuildConfiguration section */
		8458F02925D97B98002F9860 /* Debug */ = {
			isa = XCBuildConfiguration;
			buildSettings = {
				ALWAYS_SEARCH_USER_PATHS = NO;
				CLANG_ANALYZER_NONNULL = YES;
				CLANG_ANALYZER_NUMBER_OBJECT_CONVERSION = YES_AGGRESSIVE;
				CLANG_CXX_LANGUAGE_STANDARD = "gnu++14";
				CLANG_CXX_LIBRARY = "libc++";
				CLANG_ENABLE_MODULES = YES;
				CLANG_ENABLE_OBJC_ARC = YES;
				CLANG_ENABLE_OBJC_WEAK = YES;
				CLANG_WARN_BLOCK_CAPTURE_AUTORELEASING = YES;
				CLANG_WARN_BOOL_CONVERSION = YES;
				CLANG_WARN_COMMA = YES;
				CLANG_WARN_CONSTANT_CONVERSION = YES;
				CLANG_WARN_DEPRECATED_OBJC_IMPLEMENTATIONS = YES;
				CLANG_WARN_DIRECT_OBJC_ISA_USAGE = YES_ERROR;
				CLANG_WARN_DOCUMENTATION_COMMENTS = YES;
				CLANG_WARN_EMPTY_BODY = YES;
				CLANG_WARN_ENUM_CONVERSION = YES;
				CLANG_WARN_INFINITE_RECURSION = YES;
				CLANG_WARN_INT_CONVERSION = YES;
				CLANG_WARN_NON_LITERAL_NULL_CONVERSION = YES;
				CLANG_WARN_OBJC_IMPLICIT_RETAIN_SELF = YES;
				CLANG_WARN_OBJC_LITERAL_CONVERSION = YES;
				CLANG_WARN_OBJC_ROOT_CLASS = YES_ERROR;
				CLANG_WARN_QUOTED_INCLUDE_IN_FRAMEWORK_HEADER = YES;
				CLANG_WARN_RANGE_LOOP_ANALYSIS = YES;
				CLANG_WARN_STRICT_PROTOTYPES = YES;
				CLANG_WARN_SUSPICIOUS_MOVE = YES;
				CLANG_WARN_UNGUARDED_AVAILABILITY = YES_AGGRESSIVE;
				CLANG_WARN_UNREACHABLE_CODE = YES;
				CLANG_WARN__DUPLICATE_METHOD_MATCH = YES;
				COPY_PHASE_STRIP = NO;
				DEBUG_INFORMATION_FORMAT = dwarf;
				ENABLE_STRICT_OBJC_MSGSEND = YES;
				ENABLE_TESTABILITY = YES;
				GCC_C_LANGUAGE_STANDARD = gnu11;
				GCC_DYNAMIC_NO_PIC = NO;
				GCC_NO_COMMON_BLOCKS = YES;
				GCC_OPTIMIZATION_LEVEL = 0;
				GCC_PREPROCESSOR_DEFINITIONS = (
					"DEBUG=1",
					"$(inherited)",
				);
				GCC_WARN_64_TO_32_BIT_CONVERSION = YES;
				GCC_WARN_ABOUT_RETURN_TYPE = YES_ERROR;
				GCC_WARN_UNDECLARED_SELECTOR = YES;
				GCC_WARN_UNINITIALIZED_AUTOS = YES_AGGRESSIVE;
				GCC_WARN_UNUSED_FUNCTION = YES;
				GCC_WARN_UNUSED_VARIABLE = YES;
				IPHONEOS_DEPLOYMENT_TARGET = 14.2;
				MTL_ENABLE_DEBUG_INFO = INCLUDE_SOURCE;
				MTL_FAST_MATH = YES;
				ONLY_ACTIVE_ARCH = YES;
				SDKROOT = iphoneos;
				SWIFT_ACTIVE_COMPILATION_CONDITIONS = DEBUG;
				SWIFT_OPTIMIZATION_LEVEL = "-Onone";
			};
			name = Debug;
		};
		8458F02A25D97B98002F9860 /* Release */ = {
			isa = XCBuildConfiguration;
			buildSettings = {
				ALWAYS_SEARCH_USER_PATHS = NO;
				CLANG_ANALYZER_NONNULL = YES;
				CLANG_ANALYZER_NUMBER_OBJECT_CONVERSION = YES_AGGRESSIVE;
				CLANG_CXX_LANGUAGE_STANDARD = "gnu++14";
				CLANG_CXX_LIBRARY = "libc++";
				CLANG_ENABLE_MODULES = YES;
				CLANG_ENABLE_OBJC_ARC = YES;
				CLANG_ENABLE_OBJC_WEAK = YES;
				CLANG_WARN_BLOCK_CAPTURE_AUTORELEASING = YES;
				CLANG_WARN_BOOL_CONVERSION = YES;
				CLANG_WARN_COMMA = YES;
				CLANG_WARN_CONSTANT_CONVERSION = YES;
				CLANG_WARN_DEPRECATED_OBJC_IMPLEMENTATIONS = YES;
				CLANG_WARN_DIRECT_OBJC_ISA_USAGE = YES_ERROR;
				CLANG_WARN_DOCUMENTATION_COMMENTS = YES;
				CLANG_WARN_EMPTY_BODY = YES;
				CLANG_WARN_ENUM_CONVERSION = YES;
				CLANG_WARN_INFINITE_RECURSION = YES;
				CLANG_WARN_INT_CONVERSION = YES;
				CLANG_WARN_NON_LITERAL_NULL_CONVERSION = YES;
				CLANG_WARN_OBJC_IMPLICIT_RETAIN_SELF = YES;
				CLANG_WARN_OBJC_LITERAL_CONVERSION = YES;
				CLANG_WARN_OBJC_ROOT_CLASS = YES_ERROR;
				CLANG_WARN_QUOTED_INCLUDE_IN_FRAMEWORK_HEADER = YES;
				CLANG_WARN_RANGE_LOOP_ANALYSIS = YES;
				CLANG_WARN_STRICT_PROTOTYPES = YES;
				CLANG_WARN_SUSPICIOUS_MOVE = YES;
				CLANG_WARN_UNGUARDED_AVAILABILITY = YES_AGGRESSIVE;
				CLANG_WARN_UNREACHABLE_CODE = YES;
				CLANG_WARN__DUPLICATE_METHOD_MATCH = YES;
				COPY_PHASE_STRIP = NO;
				DEBUG_INFORMATION_FORMAT = "dwarf-with-dsym";
				ENABLE_NS_ASSERTIONS = NO;
				ENABLE_STRICT_OBJC_MSGSEND = YES;
				GCC_C_LANGUAGE_STANDARD = gnu11;
				GCC_NO_COMMON_BLOCKS = YES;
				GCC_WARN_64_TO_32_BIT_CONVERSION = YES;
				GCC_WARN_ABOUT_RETURN_TYPE = YES_ERROR;
				GCC_WARN_UNDECLARED_SELECTOR = YES;
				GCC_WARN_UNINITIALIZED_AUTOS = YES_AGGRESSIVE;
				GCC_WARN_UNUSED_FUNCTION = YES;
				GCC_WARN_UNUSED_VARIABLE = YES;
				IPHONEOS_DEPLOYMENT_TARGET = 14.2;
				MTL_ENABLE_DEBUG_INFO = NO;
				MTL_FAST_MATH = YES;
				SDKROOT = iphoneos;
				SWIFT_COMPILATION_MODE = wholemodule;
				SWIFT_OPTIMIZATION_LEVEL = "-O";
				VALIDATE_PRODUCT = YES;
			};
			name = Release;
		};
		8458F02C25D97B98002F9860 /* Debug */ = {
			isa = XCBuildConfiguration;
			buildSettings = {
				ASSETCATALOG_COMPILER_APPICON_NAME = AppIcon;
				ASSETCATALOG_COMPILER_GLOBAL_ACCENT_COLOR_NAME = AccentColor;
				CODE_SIGN_STYLE = Automatic;
				DEVELOPMENT_ASSET_PATHS = "";
				DEVELOPMENT_TEAM = 5DZ3AVXR7W;
				FRAMEWORK_SEARCH_PATHS = (
					"$(inherited)",
					"$(PROJECT_DIR)/Carthage/Build/VKSdkFramework.xcframework/ios-arm64_armv7",
					"$(PROJECT_DIR)/Carthage/Build/VKSdkFramework.xcframework/ios-arm64_i386_x86_64-simulator",
				);
				INFOPLIST_FILE = VKNews/Info.plist;
				LD_RUNPATH_SEARCH_PATHS = (
					"$(inherited)",
					"@executable_path/Frameworks",
				);
				LIBRARY_SEARCH_PATHS = (
					"$(inherited)",
					"$(PROJECT_DIR)/Carthage/Build/VKSdkFramework.xcframework/ios-arm64_armv7/VKSdkFramework.framework",
				);
				PRODUCT_BUNDLE_IDENTIFIER = IPV.VKNews;
				PRODUCT_NAME = "$(TARGET_NAME)";
				SWIFT_VERSION = 5.0;
				TARGETED_DEVICE_FAMILY = "1,2";
			};
			name = Debug;
		};
		8458F02D25D97B98002F9860 /* Release */ = {
			isa = XCBuildConfiguration;
			buildSettings = {
				ASSETCATALOG_COMPILER_APPICON_NAME = AppIcon;
				ASSETCATALOG_COMPILER_GLOBAL_ACCENT_COLOR_NAME = AccentColor;
				CODE_SIGN_STYLE = Automatic;
				DEVELOPMENT_ASSET_PATHS = "";
				DEVELOPMENT_TEAM = 5DZ3AVXR7W;
				FRAMEWORK_SEARCH_PATHS = (
					"$(inherited)",
					"$(PROJECT_DIR)/Carthage/Build/VKSdkFramework.xcframework/ios-arm64_armv7",
					"$(PROJECT_DIR)/Carthage/Build/VKSdkFramework.xcframework/ios-arm64_i386_x86_64-simulator",
				);
				INFOPLIST_FILE = VKNews/Info.plist;
				LD_RUNPATH_SEARCH_PATHS = (
					"$(inherited)",
					"@executable_path/Frameworks",
				);
				LIBRARY_SEARCH_PATHS = (
					"$(inherited)",
					"$(PROJECT_DIR)/Carthage/Build/VKSdkFramework.xcframework/ios-arm64_armv7/VKSdkFramework.framework",
				);
				PRODUCT_BUNDLE_IDENTIFIER = IPV.VKNews;
				PRODUCT_NAME = "$(TARGET_NAME)";
				SWIFT_VERSION = 5.0;
				TARGETED_DEVICE_FAMILY = "1,2";
			};
			name = Release;
		};
/* End XCBuildConfiguration section */

/* Begin XCConfigurationList section */
		8458F01225D97B94002F9860 /* Build configuration list for PBXProject "VKNews" */ = {
			isa = XCConfigurationList;
			buildConfigurations = (
				8458F02925D97B98002F9860 /* Debug */,
				8458F02A25D97B98002F9860 /* Release */,
			);
			defaultConfigurationIsVisible = 0;
			defaultConfigurationName = Release;
		};
		8458F02B25D97B98002F9860 /* Build configuration list for PBXNativeTarget "VKNews" */ = {
			isa = XCConfigurationList;
			buildConfigurations = (
				8458F02C25D97B98002F9860 /* Debug */,
				8458F02D25D97B98002F9860 /* Release */,
			);
			defaultConfigurationIsVisible = 0;
			defaultConfigurationName = Release;
		};
/* End XCConfigurationList section */
	};
	rootObject = 8458F00F25D97B94002F9860 /* Project object */;
}
